PODS:
  - SwiftCharts (0.1.0):
    - SwiftCharts/PieView (= 0.1.0)
  - SwiftCharts/PieView (0.1.0)

DEPENDENCIES:
  - SwiftCharts (from `../`)

EXTERNAL SOURCES:
  SwiftCharts:
    :path: ../

SPEC CHECKSUMS:
  SwiftCharts: d2c7ef3e9cf890ac13fa420921348cb8f3af4e8d

PODFILE CHECKSUM: b51c9230e4a471de1c558ebdc5d3d10c71319ae9

COCOAPODS: 1.3.1
