PODS:
  - SwiftCharts (1.0.0):
    - SwiftCharts/PieView (= 1.0.0)
  - SwiftCharts/PieView (1.0.0)

DEPENDENCIES:
  - SwiftCharts (from `../`)

EXTERNAL SOURCES:
  SwiftCharts:
    :path: "../"

SPEC CHECKSUMS:
  SwiftCharts: 4fe628ecf0f23bc41ac304a6946303afa02bc73f

PODFILE CHECKSUM: 7bde889353b2596e4fdae1039b15d980a3431484

COCOAPODS: 1.14.3
